<?xml version="1.0" encoding="utf-8"?>
<Project ToolsVersion="4.0" xmlns="http://schemas.microsoft.com/developer/msbuild/2003">
  <ItemGroup>
    <Filter Include="Source Files">
      <UniqueIdentifier>{4FC737F1-C7A5-4376-A066-2A32D752A2FF}</UniqueIdentifier>
      <Extensions>cpp;c;cc;cxx;def;odl;idl;hpj;bat;asm;asmx</Extensions>
    </Filter>
    <Filter Include="Header Files">
      <UniqueIdentifier>{93995380-89BD-4b04-88EB-625FBE52EBFB}</UniqueIdentifier>
      <Extensions>h;hh;hpp;hxx;hm;inl;inc;ipp;xsd</Extensions>
    </Filter>
    <Filter Include="Resource Files">
      <UniqueIdentifier>{67DA6AB6-F800-4c08-8B7A-83BB121AAD01}</UniqueIdentifier>
      <Extensions>rc;ico;cur;bmp;dlg;rc2;rct;bin;rgs;gif;jpg;jpeg;jpe;resx;tiff;tif;png;wav;mfcribbon-ms</Extensions>
    </Filter>
  </ItemGroup>
  <ItemGroup>
    <ClInclude Include="pch.h">
      <Filter>Header Files</Filter>
    </ClInclude>
    <ClInclude Include="Src\Engine.h">
      <Filter>Header Files</Filter>
    </ClInclude>
    <ClInclude Include="Src\Core.h">
      <Filter>Header Files</Filter>
    </ClInclude>
    <ClInclude Include="Src\Entrypoint.h">
      <Filter>Header Files</Filter>
    </ClInclude>
    <ClInclude Include="Src\Logger.h">
      <Filter>Header Files</Filter>
    </ClInclude>
    <ClInclude Include="Src\Utlis\SmartPointer.h">
      <Filter>Header Files</Filter>
    </ClInclude>
    <ClInclude Include="Src\Utlis\Helper.h">
      <Filter>Header Files</Filter>
    </ClInclude>
    <ClInclude Include="Src\Event\Event.h">
      <Filter>Header Files</Filter>
    </ClInclude>
    <ClInclude Include="Src\Event\WindowEvent.h">
      <Filter>Header Files</Filter>
    </ClInclude>
    <ClInclude Include="Src\Event\KeyboardEvent.h">
      <Filter>Header Files</Filter>
    </ClInclude>
    <ClInclude Include="Src\Window.h">
      <Filter>Header Files</Filter>
    </ClInclude>
    <ClInclude Include="Src\PlatformSpecific\Windows\WindowsWindow.h">
      <Filter>Header Files</Filter>
    </ClInclude>
    <ClInclude Include="Src\Event\MouseEvent.h">
      <Filter>Header Files</Filter>
    </ClInclude>
    <ClInclude Include="Src\ComponentsSystem\Components.h">
      <Filter>Header Files</Filter>
    </ClInclude>
    <ClInclude Include="Src\ComponentsSystem\Entity.h">
      <Filter>Header Files</Filter>
    </ClInclude>
    <ClInclude Include="Src\ComponentsSystem\RenderingSystem\ImguiRenderer.h">
      <Filter>Header Files</Filter>
    </ClInclude>
    <ClInclude Include="Src\PlatformSpecific\OpenGL\ImGui\imconfig.h">
      <Filter>Header Files</Filter>
    </ClInclude>
    <ClInclude Include="Src\PlatformSpecific\OpenGL\ImGui\imgui.h">
      <Filter>Header Files</Filter>
    </ClInclude>
    <ClInclude Include="Src\PlatformSpecific\OpenGL\ImGui\imgui_internal.h">
      <Filter>Header Files</Filter>
    </ClInclude>
    <ClInclude Include="Src\PlatformSpecific\OpenGL\ImGui\imguiOpenGLRenderer.h">
      <Filter>Header Files</Filter>
    </ClInclude>
    <ClInclude Include="Src\PlatformSpecific\OpenGL\ImGui\imstb_rectpack.h">
      <Filter>Header Files</Filter>
    </ClInclude>
    <ClInclude Include="Src\PlatformSpecific\OpenGL\ImGui\imstb_textedit.h">
      <Filter>Header Files</Filter>
    </ClInclude>
    <ClInclude Include="Src\PlatformSpecific\OpenGL\ImGui\imstb_truetype.h">
      <Filter>Header Files</Filter>
    </ClInclude>
    <ClInclude Include="Src\Input.h">
      <Filter>Header Files</Filter>
    </ClInclude>
    <ClInclude Include="Src\PlatformSpecific\Windows\WindowInput.h">
      <Filter>Header Files</Filter>
    </ClInclude>
    <ClInclude Include="Src\KeyCodes.h">
      <Filter>Header Files</Filter>
    </ClInclude>
    <ClInclude Include="Src\MouseCodes.h">
      <Filter>Header Files</Filter>
    </ClInclude>
    <ClInclude Include="Src\Math\Vec4.h">
      <Filter>Header Files</Filter>
    </ClInclude>
    <ClInclude Include="Src\Math\Vec3.h">
      <Filter>Header Files</Filter>
    </ClInclude>
    <ClInclude Include="Src\Math\Vec2.h">
      <Filter>Header Files</Filter>
    </ClInclude>
    <ClInclude Include="Src\PlatformSpecific\OpenGL\OpenGLContext.h">
      <Filter>Header Files</Filter>
    </ClInclude>
    <ClInclude Include="Src\ComponentsSystem\RenderingSystem\RenderingContext.h">
      <Filter>Header Files</Filter>
    </ClInclude>
    <ClInclude Include="Src\ComponentsSystem\RenderingSystem\Shader.h">
      <Filter>Header Files</Filter>
    </ClInclude>
    <ClInclude Include="Src\ComponentsSystem\RenderingSystem\Buffer.h">
      <Filter>Header Files</Filter>
    </ClInclude>
    <ClInclude Include="Src\PlatformSpecific\OpenGL\OpenGLBuffer.h">
      <Filter>Header Files</Filter>
    </ClInclude>
  </ItemGroup>
  <ItemGroup>
    <ClCompile Include="pch.cpp">
      <Filter>Source Files</Filter>
    </ClCompile>
    <ClCompile Include="Src\Engine.cpp">
      <Filter>Source Files</Filter>
    </ClCompile>
    <ClCompile Include="Src\Logger.cpp">
      <Filter>Source Files</Filter>
    </ClCompile>
    <ClCompile Include="Src\PlatformSpecific\Windows\WindowsWindow.cpp">
      <Filter>Source Files</Filter>
    </ClCompile>
    <ClCompile Include="Src\ComponentsSystem\Entity.cpp">
      <Filter>Source Files</Filter>
    </ClCompile>
    <ClCompile Include="Src\ComponentsSystem\RenderingSystem\ImguiRenderer.cpp">
      <Filter>Source Files</Filter>
    </ClCompile>
    <ClCompile Include="Src\PlatformSpecific\OpenGL\ImGui\imgui.cpp">
      <Filter>Source Files</Filter>
    </ClCompile>
    <ClCompile Include="Src\PlatformSpecific\OpenGL\ImGui\imgui_draw.cpp">
      <Filter>Source Files</Filter>
    </ClCompile>
    <ClCompile Include="Src\PlatformSpecific\OpenGL\ImGui\imgui_widgets.cpp">
      <Filter>Source Files</Filter>
    </ClCompile>
    <ClCompile Include="Src\PlatformSpecific\OpenGL\ImGui\imguiOpenGLRenderer.cpp">
      <Filter>Source Files</Filter>
    </ClCompile>
    <ClCompile Include="Src\PlatformSpecific\OpenGL\ImGui\imgui_demo.cpp">
      <Filter>Source Files</Filter>
    </ClCompile>
    <ClCompile Include="Src\PlatformSpecific\Windows\WindowInput.cpp">
      <Filter>Source Files</Filter>
    </ClCompile>
    <ClCompile Include="Src\Math\Vec3.cpp">
      <Filter>Source Files</Filter>
    </ClCompile>
    <ClCompile Include="Src\Math\Vec4.cpp">
      <Filter>Source Files</Filter>
    </ClCompile>
    <ClCompile Include="Src\Math\Vec2.cpp">
      <Filter>Source Files</Filter>
    </ClCompile>
    <ClCompile Include="Src\PlatformSpecific\OpenGL\OpenGLContext.cpp">
      <Filter>Source Files</Filter>
    </ClCompile>
    <ClCompile Include="Src\ComponentsSystem\RenderingSystem\RenderingContext.cpp">
      <Filter>Source Files</Filter>
    </ClCompile>
    <ClCompile Include="Src\ComponentsSystem\RenderingSystem\Shader.cpp">
      <Filter>Source Files</Filter>
    </ClCompile>
    <ClCompile Include="Src\ComponentsSystem\RenderingSystem\Buffer.cpp">
      <Filter>Source Files</Filter>
    </ClCompile>
    <ClCompile Include="Src\PlatformSpecific\OpenGL\OpenGLBuffer.cpp">
      <Filter>Source Files</Filter>
    </ClCompile>
  </ItemGroup>
  <ItemGroup>
    <Text Include="Src\Utlis\NamingConventions.txt" />
  </ItemGroup>
  <ItemGroup>
    <Library Include="include\GLAD\bin\Glad.lib" />
  </ItemGroup>
</Project>